
Microsoft Visual Studio Solution File, Format Version 12.00
# Visual Studio 15
VisualStudioVersion = 15.0.27130.2036
MinimumVisualStudioVersion = 10.0.40219.1
Project("{888888A0-9F3D-457C-B088-3A5042F75D52}") = "repos", "repos.pyproj", "{83303404-AB6C-47F5-8DB6-69F7F904734E}"
EndProject
Global
	GlobalSection(SolutionConfigurationPlatforms) = preSolution
		Debug|Any CPU = Debug|Any CPU
		Release|Any CPU = Release|Any CPU
	EndGlobalSection
	GlobalSection(ProjectConfigurationPlatforms) = postSolution
		{83303404-AB6C-47F5-8DB6-69F7F904734E}.Debug|Any CPU.ActiveCfg = Debug|Any CPU
		{83303404-AB6C-47F5-8DB6-69F7F904734E}.Release|Any CPU.ActiveCfg = Release|Any CPU
	EndGlobalSection
	GlobalSection(SolutionProperties) = preSolution
		HideSolutionNode = FALSE
	EndGlobalSection
	GlobalSection(ExtensibilityGlobals) = postSolution
		SolutionGuid = {6D267C32-FBCF-4182-824E-3458D87EB429}
	EndGlobalSection
EndGlobal
